
Microsoft Visual Studio Solution File, Format Version 12.00
# Visual Studio Version 16
VisualStudioVersion = 16.0.31112.23
MinimumVisualStudioVersion = 10.0.40219.1
Project("{FAE04EC0-301F-11D3-BF4B-00C04F79EFBC}") = "orm_maker", "orm_maker\orm_maker.csproj", "{F55D8D0A-F179-487D-993E-82EBBF8A8D41}"
EndProject
Global
	GlobalSection(SolutionConfigurationPlatforms) = preSolution
		Debug|Any CPU = Debug|Any CPU
		Release|Any CPU = Release|Any CPU
	EndGlobalSection
	GlobalSection(ProjectConfigurationPlatforms) = postSolution
		{F55D8D0A-F179-487D-993E-82EBBF8A8D41}.Debug|Any CPU.ActiveCfg = Debug|Any CPU
		{F55D8D0A-F179-487D-993E-82EBBF8A8D41}.Debug|Any CPU.Build.0 = Debug|Any CPU
		{F55D8D0A-F179-487D-993E-82EBBF8A8D41}.Release|Any CPU.ActiveCfg = Release|Any CPU
		{F55D8D0A-F179-487D-993E-82EBBF8A8D41}.Release|Any CPU.Build.0 = Release|Any CPU
	EndGlobalSection
	GlobalSection(SolutionProperties) = preSolution
		HideSolutionNode = FALSE
	EndGlobalSection
	GlobalSection(ExtensibilityGlobals) = postSolution
		SolutionGuid = {713F6957-9F7E-4985-B53B-E0BAF37F094A}
	EndGlobalSection
EndGlobal
